// !$*UTF8*$!
{
	archiveVersion = 1;
	classes = {
	};
	objectVersion = 46;
	objects = {

/* Begin PBXBuildFile section */
		01D9F80DAA610078E8B6F3A9 /* UITableView+Night.h in Headers */ = {isa = PBXBuildFile; fileRef = 5A7BF630324FD2CF4C5C9207 /* UITableView+Night.h */; };
		08FEA633523A3DA7D71198AD /* UIControl+Night.h in Headers */ = {isa = PBXBuildFile; fileRef = DFAFE74F6B722CE4EF3F4CAC /* UIControl+Night.h */; };
		0ECCB69D251D73615F252B0A /* UITextView+Night.m in Sources */ = {isa = PBXBuildFile; fileRef = B12CD826BEE680B127198510 /* UITextView+Night.m */; };
		13088A21B474E68F5B94384D /* UITextField+Night.h in Headers */ = {isa = PBXBuildFile; fileRef = 04BEDF5ADF66C3E55BD7368B /* UITextField+Night.h */; };
		186AC5221AF855410095ED95 /* DKNightVersionManagerTest.m in Sources */ = {isa = PBXBuildFile; fileRef = 186AC5211AF855410095ED95 /* DKNightVersionManagerTest.m */; };
		18D228911AF8BA8700872BF1 /* DKNightVersionManager.m in Sources */ = {isa = PBXBuildFile; fileRef = 18D228901AF8BA8700872BF1 /* DKNightVersionManager.m */; };
		18D228A11AF8BB7800872BF1 /* main.m in Sources */ = {isa = PBXBuildFile; fileRef = 18D2289F1AF8BB7800872BF1 /* main.m */; };
		18D228A61AF8BB8D00872BF1 /* Images.xcassets in Resources */ = {isa = PBXBuildFile; fileRef = 18D228A51AF8BB8D00872BF1 /* Images.xcassets */; };
		18D228A71AF8BC1A00872BF1 /* LaunchScreen.xib in Resources */ = {isa = PBXBuildFile; fileRef = 18D228A21AF8BB8500872BF1 /* LaunchScreen.xib */; };
		1CF133614B3F2428406D0265 /* UIToolbar+Night.m in Sources */ = {isa = PBXBuildFile; fileRef = 6EEED442A31852107E7BD33E /* UIToolbar+Night.m */; };
		20222CFA6C43CCE6B90FCC1F /* UISearchBar+Night.h in Headers */ = {isa = PBXBuildFile; fileRef = 680A2D596E61C49E1CA66638 /* UISearchBar+Night.h */; };
		30EBA9212082EB1AD3811C94 /* UIPageControl+Night.h in Headers */ = {isa = PBXBuildFile; fileRef = A679D237D202A7904508C8AB /* UIPageControl+Night.h */; };
		326A4E35C3EB1BF0C064F96C /* UISwitch+Night.m in Sources */ = {isa = PBXBuildFile; fileRef = 5CC5CEE33F80D7C314303DD4 /* UISwitch+Night.m */; };
		336F7DFCACE2B62866C3CC46 /* UIBarButtonItem+Night.m in Sources */ = {isa = PBXBuildFile; fileRef = 4C49E6D8339E89A46386F931 /* UIBarButtonItem+Night.m */; };
		376B0B09B077D1519D0B04E8 /* UISlider+Night.m in Sources */ = {isa = PBXBuildFile; fileRef = 808D41FBA4D82E360E0DD27B /* UISlider+Night.m */; };
		420BED221C7582A100FB9796 /* UIColor+Night.h in Headers */ = {isa = PBXBuildFile; fileRef = 420BED1F1C7582A100FB9796 /* UIColor+Night.h */; };
		420BED241C7582A100FB9796 /* UIColor+Night.m in Sources */ = {isa = PBXBuildFile; fileRef = 420BED201C7582A100FB9796 /* UIColor+Night.m */; };
		45CB1BC401D1F32ECE44BD74 /* UINavigationBar+Night.h in Headers */ = {isa = PBXBuildFile; fileRef = BD2C82E74EC85855717D205A /* UINavigationBar+Night.h */; };
		46377A5EE4BE95DB8F98E25D /* UITextView+Night.h in Headers */ = {isa = PBXBuildFile; fileRef = 24CAC5D3ADA0594509E4F7BF /* UITextView+Night.h */; };
		468F5B54CB80D836FCA42084 /* UITabBar+Night.h in Headers */ = {isa = PBXBuildFile; fileRef = 4DD77A46FDAC98D6B26502AF /* UITabBar+Night.h */; };
		4F5B68B735FD4C8203278044 /* UINavigationBar+Night.m in Sources */ = {isa = PBXBuildFile; fileRef = B85F9345C91E4950D644F74F /* UINavigationBar+Night.m */; };
		5E59A2F546CF14122121D21D /* UIPageControl+Night.m in Sources */ = {isa = PBXBuildFile; fileRef = DD42A248410DAF3B39FD4EFF /* UIPageControl+Night.m */; };
		6B616D9BB09501C0C0557E9D /* UILabel+Night.h in Headers */ = {isa = PBXBuildFile; fileRef = 70E94B56C757033BC7CC392E /* UILabel+Night.h */; };
		729976D01C5B28EB000B87C1 /* CALayer+Night.h in Headers */ = {isa = PBXBuildFile; fileRef = 729976CE1C5B28EB000B87C1 /* CALayer+Night.h */; };
		729976D11C5B28EB000B87C1 /* CALayer+Night.m in Sources */ = {isa = PBXBuildFile; fileRef = 729976CF1C5B28EB000B87C1 /* CALayer+Night.m */; };
		729CAAC31BEE3E2300E279D6 /* NSObject+Night.h in Headers */ = {isa = PBXBuildFile; fileRef = 729CAAC11BEE3E2300E279D6 /* NSObject+Night.h */; };
		729CAAC41BEE3E2300E279D6 /* NSObject+Night.m in Sources */ = {isa = PBXBuildFile; fileRef = 729CAAC21BEE3E2300E279D6 /* NSObject+Night.m */; };
		72B53CE21C1854B20059F6A1 /* AppDelegate.h in Headers */ = {isa = PBXBuildFile; fileRef = 18D228921AF8BB6200872BF1 /* AppDelegate.h */; };
		72B53CE31C1854B20059F6A1 /* AppDelegate.m in Sources */ = {isa = PBXBuildFile; fileRef = 18D228931AF8BB6200872BF1 /* AppDelegate.m */; };
		72B53CE41C1854B20059F6A1 /* RootViewController.h in Headers */ = {isa = PBXBuildFile; fileRef = 18D228951AF8BB6800872BF1 /* RootViewController.h */; };
		72B53CE51C1854B20059F6A1 /* RootViewController.m in Sources */ = {isa = PBXBuildFile; fileRef = 18D228961AF8BB6800872BF1 /* RootViewController.m */; };
		72B53CE61C1854B20059F6A1 /* SuccViewController.h in Headers */ = {isa = PBXBuildFile; fileRef = 18D228971AF8BB6800872BF1 /* SuccViewController.h */; };
		72B53CE71C1854B20059F6A1 /* SuccViewController.m in Sources */ = {isa = PBXBuildFile; fileRef = 18D228981AF8BB6800872BF1 /* SuccViewController.m */; };
		72B53CE81C1854B20059F6A1 /* TableViewCell.h in Headers */ = {isa = PBXBuildFile; fileRef = 18D228991AF8BB6800872BF1 /* TableViewCell.h */; };
		72B53CE91C1854B20059F6A1 /* TableViewCell.m in Sources */ = {isa = PBXBuildFile; fileRef = 18D2289A1AF8BB6800872BF1 /* TableViewCell.m */; };
		72B53CEA1C1854B20059F6A1 /* PresentingViewController.h in Headers */ = {isa = PBXBuildFile; fileRef = 182BCC231AFF199A0095BF9C /* PresentingViewController.h */; };
		72B53CEB1C1854B20059F6A1 /* PresentingViewController.m in Sources */ = {isa = PBXBuildFile; fileRef = 182BCC241AFF199A0095BF9C /* PresentingViewController.m */; };
		72B53CED1C1870580059F6A1 /* UIButton+Night.m in Sources */ = {isa = PBXBuildFile; fileRef = 72B53CDB1C18459F0059F6A1 /* UIButton+Night.m */; };
		72BBA6A31C181B9600262693 /* method.json in Resources */ = {isa = PBXBuildFile; fileRef = 72BBA6931C181B9600262693 /* method.json */; };
		72BBA6A41C181B9600262693 /* project.json in Resources */ = {isa = PBXBuildFile; fileRef = 72BBA6941C181B9600262693 /* project.json */; };
		72BBA6A51C181B9600262693 /* superklass.json in Resources */ = {isa = PBXBuildFile; fileRef = 72BBA6951C181B9600262693 /* superklass.json */; };
		72BBA6A61C181B9600262693 /* objc_class.rb in Resources */ = {isa = PBXBuildFile; fileRef = 72BBA6971C181B9600262693 /* objc_class.rb */; };
		72BBA6A71C181B9600262693 /* objc_property.rb in Resources */ = {isa = PBXBuildFile; fileRef = 72BBA6981C181B9600262693 /* objc_property.rb */; };
		72BBA6A81C181B9600262693 /* parser.rb in Resources */ = {isa = PBXBuildFile; fileRef = 72BBA6991C181B9600262693 /* parser.rb */; };
		72BBA6A91C181B9600262693 /* project.rb in Resources */ = {isa = PBXBuildFile; fileRef = 72BBA69A1C181B9600262693 /* project.rb */; };
		72BBA6AA1C181B9600262693 /* render.rb in Resources */ = {isa = PBXBuildFile; fileRef = 72BBA69B1C181B9600262693 /* render.rb */; };
		72BBA6AB1C181B9600262693 /* color.h.erb in Resources */ = {isa = PBXBuildFile; fileRef = 72BBA69D1C181B9600262693 /* color.h.erb */; };
		72BBA6AC1C181B9600262693 /* color.m.erb in Resources */ = {isa = PBXBuildFile; fileRef = 72BBA69E1C181B9600262693 /* color.m.erb */; };
		72BBA6AF1C181B9600262693 /* xcodeproj.rb in Resources */ = {isa = PBXBuildFile; fileRef = 72BBA6A11C181B9600262693 /* xcodeproj.rb */; };
		72BBA6B01C181B9600262693 /* generator.rb in Resources */ = {isa = PBXBuildFile; fileRef = 72BBA6A21C181B9600262693 /* generator.rb */; };
		72BBA6BB1C182E1000262693 /* DKColor.h in Headers */ = {isa = PBXBuildFile; fileRef = 72BBA6B91C182E1000262693 /* DKColor.h */; };
		72BBA6BC1C182E1000262693 /* DKColor.m in Sources */ = {isa = PBXBuildFile; fileRef = 72BBA6BA1C182E1000262693 /* DKColor.m */; };
		72EAC66D1C1ACD870063012B /* UIImageView+Night.h in Headers */ = {isa = PBXBuildFile; fileRef = 72B53CEE1C191CE00059F6A1 /* UIImageView+Night.h */; };
		72EAC66E1C1ACD870063012B /* UIImageView+Night.m in Sources */ = {isa = PBXBuildFile; fileRef = 72B53CEF1C191CE00059F6A1 /* UIImageView+Night.m */; };
		72EAC6811C1AE7F00063012B /* DKImage.h in Headers */ = {isa = PBXBuildFile; fileRef = 72EAC67F1C1AE7F00063012B /* DKImage.h */; };
		72EAC6821C1AE7F00063012B /* DKImage.m in Sources */ = {isa = PBXBuildFile; fileRef = 72EAC6801C1AE7F00063012B /* DKImage.m */; };
		72EAC6851C1AE9F70063012B /* DKColorTable.h in Headers */ = {isa = PBXBuildFile; fileRef = 72EAC6831C1AE9F70063012B /* DKColorTable.h */; };
		72EAC6861C1AE9F70063012B /* DKColorTable.m in Sources */ = {isa = PBXBuildFile; fileRef = 72EAC6841C1AE9F70063012B /* DKColorTable.m */; };
		7F08BDC34F5CC649B65BD9E9 /* UITextField+Night.m in Sources */ = {isa = PBXBuildFile; fileRef = D15A6BC8048228CFBFFE4466 /* UITextField+Night.m */; };
		7FBAB448420CB5DC614AEDE1 /* UIControl+Night.m in Sources */ = {isa = PBXBuildFile; fileRef = A1248884A367A85A085BEA42 /* UIControl+Night.m */; };
		865A00EAB85E502EED1F61D9 /* UIProgressView+Night.m in Sources */ = {isa = PBXBuildFile; fileRef = DB8FA5D5B36B4233C20A8ED2 /* UIProgressView+Night.m */; };
		86AC4F6188093FA8C09944F2 /* UISearchBar+Night.m in Sources */ = {isa = PBXBuildFile; fileRef = 528218ADCA7EFA4F0100FF7C /* UISearchBar+Night.m */; };
		99B0ADB1B166EA03D7BD65CD /* UIBarButtonItem+Night.h in Headers */ = {isa = PBXBuildFile; fileRef = 2B0ED563C14503B47B2BD480 /* UIBarButtonItem+Night.h */; };
		AD3E53CD1A05A08DE9A6EC60 /* UIView+Night.h in Headers */ = {isa = PBXBuildFile; fileRef = D4EA2DED8EB47D416E30222A /* UIView+Night.h */; };
		AE466507771CAE86551BF925 /* UILabel+Night.m in Sources */ = {isa = PBXBuildFile; fileRef = 2B379F646B5766F33993C89E /* UILabel+Night.m */; };
		B839C7C9B6A8D038CDCF04AA /* UISlider+Night.h in Headers */ = {isa = PBXBuildFile; fileRef = 81E7FFB80B96184BACE4D7E7 /* UISlider+Night.h */; };
		BB36EFF5624927D67983B04D /* UISwitch+Night.h in Headers */ = {isa = PBXBuildFile; fileRef = 367463AEE4EAA88EE33940B4 /* UISwitch+Night.h */; };
		BE1F1CB15B6E1288731F8757 /* UITabBar+Night.m in Sources */ = {isa = PBXBuildFile; fileRef = 89B5AECDE5CBEF503380319E /* UITabBar+Night.m */; };
		BF5F2D57E43C586D773ACF0B /* UIProgressView+Night.h in Headers */ = {isa = PBXBuildFile; fileRef = 14E1D9903F5FC5ABDF78165A /* UIProgressView+Night.h */; };
		C36ADCCAA9A0390E56660CB4 /* UITableView+Night.m in Sources */ = {isa = PBXBuildFile; fileRef = 14F4E76575F5D4AA933F9374 /* UITableView+Night.m */; };
		E3595A486305A26BCE388250 /* UIToolbar+Night.h in Headers */ = {isa = PBXBuildFile; fileRef = C707B0315EFE538FBA15A7D1 /* UIToolbar+Night.h */; };
		FBAABE00BE525F1F666BEBBF /* UIView+Night.m in Sources */ = {isa = PBXBuildFile; fileRef = 8F780F962B0ACC4C7B714C8C /* UIView+Night.m */; };
/* End PBXBuildFile section */

/* Begin PBXContainerItemProxy section */
		189854CA1ADD5B560050568B /* PBXContainerItemProxy */ = {
			isa = PBXContainerItemProxy;
			containerPortal = 189854AE1ADD5B550050568B /* Project object */;
			proxyType = 1;
			remoteGlobalIDString = 189854B51ADD5B550050568B;
			remoteInfo = DKNightVersion;
		};
/* End PBXContainerItemProxy section */

/* Begin PBXFileReference section */
		04BEDF5ADF66C3E55BD7368B /* UITextField+Night.h */ = {isa = PBXFileReference; includeInIndex = 1; lastKnownFileType = sourcecode.c.h; name = "UITextField+Night.h"; path = "Classes/UIKit/UITextField+Night.h"; sourceTree = "<group>"; };
		14E1D9903F5FC5ABDF78165A /* UIProgressView+Night.h */ = {isa = PBXFileReference; includeInIndex = 1; lastKnownFileType = sourcecode.c.h; name = "UIProgressView+Night.h"; path = "Classes/UIKit/UIProgressView+Night.h"; sourceTree = "<group>"; };
		14F4E76575F5D4AA933F9374 /* UITableView+Night.m */ = {isa = PBXFileReference; includeInIndex = 1; lastKnownFileType = sourcecode.c.objc; name = "UITableView+Night.m"; path = "Classes/UIKit/UITableView+Night.m"; sourceTree = "<group>"; };
		1816313D1AFE549A00A20423 /* property.json */ = {isa = PBXFileReference; fileEncoding = 4; lastKnownFileType = text.json; path = property.json; sourceTree = SOURCE_ROOT; };
		182BCC231AFF199A0095BF9C /* PresentingViewController.h */ = {isa = PBXFileReference; fileEncoding = 4; lastKnownFileType = sourcecode.c.h; name = PresentingViewController.h; path = Demo/PresentingViewController.h; sourceTree = SOURCE_ROOT; };
		182BCC241AFF199A0095BF9C /* PresentingViewController.m */ = {isa = PBXFileReference; fileEncoding = 4; lastKnownFileType = sourcecode.c.objc; name = PresentingViewController.m; path = Demo/PresentingViewController.m; sourceTree = SOURCE_ROOT; };
		186AC5211AF855410095ED95 /* DKNightVersionManagerTest.m */ = {isa = PBXFileReference; fileEncoding = 4; lastKnownFileType = sourcecode.c.objc; path = DKNightVersionManagerTest.m; sourceTree = "<group>"; };
		189854B61ADD5B550050568B /* DKNightVersion.app */ = {isa = PBXFileReference; explicitFileType = wrapper.application; includeInIndex = 0; path = DKNightVersion.app; sourceTree = BUILT_PRODUCTS_DIR; };
		189854C91ADD5B560050568B /* DKNightVersionTests.xctest */ = {isa = PBXFileReference; explicitFileType = wrapper.cfbundle; includeInIndex = 0; path = DKNightVersionTests.xctest; sourceTree = BUILT_PRODUCTS_DIR; };
		189854CE1ADD5B560050568B /* Info.plist */ = {isa = PBXFileReference; lastKnownFileType = text.plist.xml; path = Info.plist; sourceTree = "<group>"; };
		18D2288E1AF8BA7100872BF1 /* DKNightVersion.h */ = {isa = PBXFileReference; lastKnownFileType = sourcecode.c.h; name = DKNightVersion.h; path = Classes/DKNightVersion.h; sourceTree = SOURCE_ROOT; };
		18D2288F1AF8BA8700872BF1 /* DKNightVersionManager.h */ = {isa = PBXFileReference; fileEncoding = 4; lastKnownFileType = sourcecode.c.h; name = DKNightVersionManager.h; path = Classes/Core/DKNightVersionManager.h; sourceTree = SOURCE_ROOT; };
		18D228901AF8BA8700872BF1 /* DKNightVersionManager.m */ = {isa = PBXFileReference; fileEncoding = 4; lastKnownFileType = sourcecode.c.objc; name = DKNightVersionManager.m; path = Classes/Core/DKNightVersionManager.m; sourceTree = SOURCE_ROOT; };
		18D228921AF8BB6200872BF1 /* AppDelegate.h */ = {isa = PBXFileReference; fileEncoding = 4; lastKnownFileType = sourcecode.c.h; name = AppDelegate.h; path = Demo/AppDelegate.h; sourceTree = SOURCE_ROOT; };
		18D228931AF8BB6200872BF1 /* AppDelegate.m */ = {isa = PBXFileReference; fileEncoding = 4; lastKnownFileType = sourcecode.c.objc; name = AppDelegate.m; path = Demo/AppDelegate.m; sourceTree = SOURCE_ROOT; };
		18D228951AF8BB6800872BF1 /* RootViewController.h */ = {isa = PBXFileReference; fileEncoding = 4; lastKnownFileType = sourcecode.c.h; name = RootViewController.h; path = Demo/RootViewController.h; sourceTree = SOURCE_ROOT; };
		18D228961AF8BB6800872BF1 /* RootViewController.m */ = {isa = PBXFileReference; fileEncoding = 4; lastKnownFileType = sourcecode.c.objc; name = RootViewController.m; path = Demo/RootViewController.m; sourceTree = SOURCE_ROOT; };
		18D228971AF8BB6800872BF1 /* SuccViewController.h */ = {isa = PBXFileReference; fileEncoding = 4; lastKnownFileType = sourcecode.c.h; name = SuccViewController.h; path = Demo/SuccViewController.h; sourceTree = SOURCE_ROOT; };
		18D228981AF8BB6800872BF1 /* SuccViewController.m */ = {isa = PBXFileReference; fileEncoding = 4; lastKnownFileType = sourcecode.c.objc; name = SuccViewController.m; path = Demo/SuccViewController.m; sourceTree = SOURCE_ROOT; };
		18D228991AF8BB6800872BF1 /* TableViewCell.h */ = {isa = PBXFileReference; fileEncoding = 4; lastKnownFileType = sourcecode.c.h; name = TableViewCell.h; path = Demo/TableViewCell.h; sourceTree = SOURCE_ROOT; };
		18D2289A1AF8BB6800872BF1 /* TableViewCell.m */ = {isa = PBXFileReference; fileEncoding = 4; lastKnownFileType = sourcecode.c.objc; name = TableViewCell.m; path = Demo/TableViewCell.m; sourceTree = SOURCE_ROOT; };
		18D2289E1AF8BB7800872BF1 /* Info.plist */ = {isa = PBXFileReference; fileEncoding = 4; lastKnownFileType = text.plist.xml; name = Info.plist; path = Demo/Info.plist; sourceTree = SOURCE_ROOT; };
		18D2289F1AF8BB7800872BF1 /* main.m */ = {isa = PBXFileReference; fileEncoding = 4; lastKnownFileType = sourcecode.c.objc; name = main.m; path = Demo/main.m; sourceTree = SOURCE_ROOT; };
		18D228A31AF8BB8500872BF1 /* Base */ = {isa = PBXFileReference; lastKnownFileType = file.xib; name = Base; path = Demo/Base.lproj/LaunchScreen.xib; sourceTree = SOURCE_ROOT; };
		18D228A51AF8BB8D00872BF1 /* Images.xcassets */ = {isa = PBXFileReference; lastKnownFileType = folder.assetcatalog; name = Images.xcassets; path = Demo/Images.xcassets; sourceTree = SOURCE_ROOT; };
		24CAC5D3ADA0594509E4F7BF /* UITextView+Night.h */ = {isa = PBXFileReference; includeInIndex = 1; lastKnownFileType = sourcecode.c.h; name = "UITextView+Night.h"; path = "Classes/UIKit/UITextView+Night.h"; sourceTree = "<group>"; };
		2B0ED563C14503B47B2BD480 /* UIBarButtonItem+Night.h */ = {isa = PBXFileReference; includeInIndex = 1; lastKnownFileType = sourcecode.c.h; name = "UIBarButtonItem+Night.h"; path = "Classes/UIKit/UIBarButtonItem+Night.h"; sourceTree = "<group>"; };
		2B379F646B5766F33993C89E /* UILabel+Night.m */ = {isa = PBXFileReference; includeInIndex = 1; lastKnownFileType = sourcecode.c.objc; name = "UILabel+Night.m"; path = "Classes/UIKit/UILabel+Night.m"; sourceTree = "<group>"; };
		367463AEE4EAA88EE33940B4 /* UISwitch+Night.h */ = {isa = PBXFileReference; includeInIndex = 1; lastKnownFileType = sourcecode.c.h; name = "UISwitch+Night.h"; path = "Classes/UIKit/UISwitch+Night.h"; sourceTree = "<group>"; };
		420BED1F1C7582A100FB9796 /* UIColor+Night.h */ = {isa = PBXFileReference; fileEncoding = 4; lastKnownFileType = sourcecode.c.h; name = "UIColor+Night.h"; path = "Classes/Manual/UIColor+Night.h"; sourceTree = SOURCE_ROOT; };
		420BED201C7582A100FB9796 /* UIColor+Night.m */ = {isa = PBXFileReference; fileEncoding = 4; lastKnownFileType = sourcecode.c.objc; name = "UIColor+Night.m"; path = "Classes/Manual/UIColor+Night.m"; sourceTree = SOURCE_ROOT; };
		4C49E6D8339E89A46386F931 /* UIBarButtonItem+Night.m */ = {isa = PBXFileReference; includeInIndex = 1; lastKnownFileType = sourcecode.c.objc; name = "UIBarButtonItem+Night.m"; path = "Classes/UIKit/UIBarButtonItem+Night.m"; sourceTree = "<group>"; };
		4DD77A46FDAC98D6B26502AF /* UITabBar+Night.h */ = {isa = PBXFileReference; includeInIndex = 1; lastKnownFileType = sourcecode.c.h; name = "UITabBar+Night.h"; path = "Classes/UIKit/UITabBar+Night.h"; sourceTree = "<group>"; };
		528218ADCA7EFA4F0100FF7C /* UISearchBar+Night.m */ = {isa = PBXFileReference; includeInIndex = 1; lastKnownFileType = sourcecode.c.objc; name = "UISearchBar+Night.m"; path = "Classes/UIKit/UISearchBar+Night.m"; sourceTree = "<group>"; };
		5A7BF630324FD2CF4C5C9207 /* UITableView+Night.h */ = {isa = PBXFileReference; includeInIndex = 1; lastKnownFileType = sourcecode.c.h; name = "UITableView+Night.h"; path = "Classes/UIKit/UITableView+Night.h"; sourceTree = "<group>"; };
		5CC5CEE33F80D7C314303DD4 /* UISwitch+Night.m */ = {isa = PBXFileReference; includeInIndex = 1; lastKnownFileType = sourcecode.c.objc; name = "UISwitch+Night.m"; path = "Classes/UIKit/UISwitch+Night.m"; sourceTree = "<group>"; };
		680A2D596E61C49E1CA66638 /* UISearchBar+Night.h */ = {isa = PBXFileReference; includeInIndex = 1; lastKnownFileType = sourcecode.c.h; name = "UISearchBar+Night.h"; path = "Classes/UIKit/UISearchBar+Night.h"; sourceTree = "<group>"; };
		6EEED442A31852107E7BD33E /* UIToolbar+Night.m */ = {isa = PBXFileReference; includeInIndex = 1; lastKnownFileType = sourcecode.c.objc; name = "UIToolbar+Night.m"; path = "Classes/UIKit/UIToolbar+Night.m"; sourceTree = "<group>"; };
		70E94B56C757033BC7CC392E /* UILabel+Night.h */ = {isa = PBXFileReference; includeInIndex = 1; lastKnownFileType = sourcecode.c.h; name = "UILabel+Night.h"; path = "Classes/UIKit/UILabel+Night.h"; sourceTree = "<group>"; };
		729976CE1C5B28EB000B87C1 /* CALayer+Night.h */ = {isa = PBXFileReference; fileEncoding = 4; lastKnownFileType = sourcecode.c.h; name = "CALayer+Night.h"; path = "Classes/CoreAnimation/CALayer+Night.h"; sourceTree = SOURCE_ROOT; };
		729976CF1C5B28EB000B87C1 /* CALayer+Night.m */ = {isa = PBXFileReference; fileEncoding = 4; lastKnownFileType = sourcecode.c.objc; name = "CALayer+Night.m"; path = "Classes/CoreAnimation/CALayer+Night.m"; sourceTree = SOURCE_ROOT; };
		729CAAC11BEE3E2300E279D6 /* NSObject+Night.h */ = {isa = PBXFileReference; fileEncoding = 4; lastKnownFileType = sourcecode.c.h; name = "NSObject+Night.h"; path = "Classes/Core/NSObject+Night.h"; sourceTree = SOURCE_ROOT; };
		729CAAC21BEE3E2300E279D6 /* NSObject+Night.m */ = {isa = PBXFileReference; fileEncoding = 4; lastKnownFileType = sourcecode.c.objc; name = "NSObject+Night.m"; path = "Classes/Core/NSObject+Night.m"; sourceTree = SOURCE_ROOT; };
		72B53CD21C1840AD0059F6A1 /* UINavigationBar+Animation.h */ = {isa = PBXFileReference; fileEncoding = 4; lastKnownFileType = sourcecode.c.h; name = "UINavigationBar+Animation.h"; path = "Classes/Manual/UINavigationBar+Animation.h"; sourceTree = SOURCE_ROOT; };
		72B53CD31C1840AD0059F6A1 /* UINavigationBar+Animation.m */ = {isa = PBXFileReference; fileEncoding = 4; lastKnownFileType = sourcecode.c.objc; name = "UINavigationBar+Animation.m"; path = "Classes/Manual/UINavigationBar+Animation.m"; sourceTree = SOURCE_ROOT; };
		72B53CDA1C18459F0059F6A1 /* UIButton+Night.h */ = {isa = PBXFileReference; fileEncoding = 4; lastKnownFileType = sourcecode.c.h; name = "UIButton+Night.h"; path = "Classes/Manual/UIButton+Night.h"; sourceTree = SOURCE_ROOT; };
		72B53CDB1C18459F0059F6A1 /* UIButton+Night.m */ = {isa = PBXFileReference; fileEncoding = 4; lastKnownFileType = sourcecode.c.objc; name = "UIButton+Night.m"; path = "Classes/Manual/UIButton+Night.m"; sourceTree = SOURCE_ROOT; };
		72B53CEE1C191CE00059F6A1 /* UIImageView+Night.h */ = {isa = PBXFileReference; fileEncoding = 4; lastKnownFileType = sourcecode.c.h; name = "UIImageView+Night.h"; path = "Classes/Manual/UIImageView+Night.h"; sourceTree = SOURCE_ROOT; };
		72B53CEF1C191CE00059F6A1 /* UIImageView+Night.m */ = {isa = PBXFileReference; fileEncoding = 4; lastKnownFileType = sourcecode.c.objc; name = "UIImageView+Night.m"; path = "Classes/Manual/UIImageView+Night.m"; sourceTree = SOURCE_ROOT; };
		72BBA6931C181B9600262693 /* method.json */ = {isa = PBXFileReference; fileEncoding = 4; lastKnownFileType = text.json; path = method.json; sourceTree = "<group>"; };
		72BBA6941C181B9600262693 /* project.json */ = {isa = PBXFileReference; fileEncoding = 4; lastKnownFileType = text.json; path = project.json; sourceTree = "<group>"; };
		72BBA6951C181B9600262693 /* superklass.json */ = {isa = PBXFileReference; fileEncoding = 4; lastKnownFileType = text.json; path = superklass.json; sourceTree = "<group>"; };
		72BBA6971C181B9600262693 /* objc_class.rb */ = {isa = PBXFileReference; fileEncoding = 4; lastKnownFileType = text.script.ruby; path = objc_class.rb; sourceTree = "<group>"; };
		72BBA6981C181B9600262693 /* objc_property.rb */ = {isa = PBXFileReference; fileEncoding = 4; lastKnownFileType = text.script.ruby; path = objc_property.rb; sourceTree = "<group>"; };
		72BBA6991C181B9600262693 /* parser.rb */ = {isa = PBXFileReference; fileEncoding = 4; lastKnownFileType = text.script.ruby; path = parser.rb; sourceTree = "<group>"; };
		72BBA69A1C181B9600262693 /* project.rb */ = {isa = PBXFileReference; fileEncoding = 4; lastKnownFileType = text.script.ruby; path = project.rb; sourceTree = "<group>"; };
		72BBA69B1C181B9600262693 /* render.rb */ = {isa = PBXFileReference; fileEncoding = 4; lastKnownFileType = text.script.ruby; path = render.rb; sourceTree = "<group>"; };
		72BBA69D1C181B9600262693 /* color.h.erb */ = {isa = PBXFileReference; fileEncoding = 4; lastKnownFileType = text; path = color.h.erb; sourceTree = "<group>"; };
		72BBA69E1C181B9600262693 /* color.m.erb */ = {isa = PBXFileReference; fileEncoding = 4; lastKnownFileType = text; path = color.m.erb; sourceTree = "<group>"; };
		72BBA6A11C181B9600262693 /* xcodeproj.rb */ = {isa = PBXFileReference; fileEncoding = 4; lastKnownFileType = text.script.ruby; path = xcodeproj.rb; sourceTree = "<group>"; };
		72BBA6A21C181B9600262693 /* generator.rb */ = {isa = PBXFileReference; fileEncoding = 4; lastKnownFileType = text.script.ruby; path = generator.rb; sourceTree = "<group>"; };
		72BBA6B91C182E1000262693 /* DKColor.h */ = {isa = PBXFileReference; fileEncoding = 4; lastKnownFileType = sourcecode.c.h; name = DKColor.h; path = Classes/Core/DKColor.h; sourceTree = SOURCE_ROOT; };
		72BBA6BA1C182E1000262693 /* DKColor.m */ = {isa = PBXFileReference; fileEncoding = 4; lastKnownFileType = sourcecode.c.objc; name = DKColor.m; path = Classes/Core/DKColor.m; sourceTree = SOURCE_ROOT; };
		72EAC66F1C1AE2490063012B /* Rakefile */ = {isa = PBXFileReference; fileEncoding = 4; lastKnownFileType = text; path = Rakefile; sourceTree = SOURCE_ROOT; };
		72EAC6701C1AE2490063012B /* README.md */ = {isa = PBXFileReference; fileEncoding = 4; lastKnownFileType = net.daringfireball.markdown; path = README.md; sourceTree = SOURCE_ROOT; };
		72EAC6731C1AE2530063012B /* DKNightVersion.podspec */ = {isa = PBXFileReference; fileEncoding = 4; lastKnownFileType = text; path = DKNightVersion.podspec; sourceTree = SOURCE_ROOT; };
		72EAC6741C1AE2530063012B /* Gemfile */ = {isa = PBXFileReference; fileEncoding = 4; lastKnownFileType = text; path = Gemfile; sourceTree = SOURCE_ROOT; };
		72EAC6771C1AE25F0063012B /* LICENSE */ = {isa = PBXFileReference; fileEncoding = 4; lastKnownFileType = text; path = LICENSE; sourceTree = SOURCE_ROOT; };
		72EAC67F1C1AE7F00063012B /* DKImage.h */ = {isa = PBXFileReference; fileEncoding = 4; lastKnownFileType = sourcecode.c.h; name = DKImage.h; path = Classes/Core/DKImage.h; sourceTree = SOURCE_ROOT; };
		72EAC6801C1AE7F00063012B /* DKImage.m */ = {isa = PBXFileReference; fileEncoding = 4; lastKnownFileType = sourcecode.c.objc; name = DKImage.m; path = Classes/Core/DKImage.m; sourceTree = SOURCE_ROOT; };
		72EAC6831C1AE9F70063012B /* DKColorTable.h */ = {isa = PBXFileReference; fileEncoding = 4; lastKnownFileType = sourcecode.c.h; name = DKColorTable.h; path = Classes/Core/DKColorTable.h; sourceTree = SOURCE_ROOT; };
		72EAC6841C1AE9F70063012B /* DKColorTable.m */ = {isa = PBXFileReference; fileEncoding = 4; lastKnownFileType = sourcecode.c.objc; name = DKColorTable.m; path = Classes/Core/DKColorTable.m; sourceTree = SOURCE_ROOT; };
		808D41FBA4D82E360E0DD27B /* UISlider+Night.m */ = {isa = PBXFileReference; includeInIndex = 1; lastKnownFileType = sourcecode.c.objc; name = "UISlider+Night.m"; path = "Classes/UIKit/UISlider+Night.m"; sourceTree = "<group>"; };
		81E7FFB80B96184BACE4D7E7 /* UISlider+Night.h */ = {isa = PBXFileReference; includeInIndex = 1; lastKnownFileType = sourcecode.c.h; name = "UISlider+Night.h"; path = "Classes/UIKit/UISlider+Night.h"; sourceTree = "<group>"; };
		89B5AECDE5CBEF503380319E /* UITabBar+Night.m */ = {isa = PBXFileReference; includeInIndex = 1; lastKnownFileType = sourcecode.c.objc; name = "UITabBar+Night.m"; path = "Classes/UIKit/UITabBar+Night.m"; sourceTree = "<group>"; };
		8F780F962B0ACC4C7B714C8C /* UIView+Night.m */ = {isa = PBXFileReference; includeInIndex = 1; lastKnownFileType = sourcecode.c.objc; name = "UIView+Night.m"; path = "Classes/UIKit/UIView+Night.m"; sourceTree = "<group>"; };
		A1248884A367A85A085BEA42 /* UIControl+Night.m */ = {isa = PBXFileReference; includeInIndex = 1; lastKnownFileType = sourcecode.c.objc; name = "UIControl+Night.m"; path = "Classes/UIKit/UIControl+Night.m"; sourceTree = "<group>"; };
		A679D237D202A7904508C8AB /* UIPageControl+Night.h */ = {isa = PBXFileReference; includeInIndex = 1; lastKnownFileType = sourcecode.c.h; name = "UIPageControl+Night.h"; path = "Classes/UIKit/UIPageControl+Night.h"; sourceTree = "<group>"; };
		B12CD826BEE680B127198510 /* UITextView+Night.m */ = {isa = PBXFileReference; includeInIndex = 1; lastKnownFileType = sourcecode.c.objc; name = "UITextView+Night.m"; path = "Classes/UIKit/UITextView+Night.m"; sourceTree = "<group>"; };
		B85F9345C91E4950D644F74F /* UINavigationBar+Night.m */ = {isa = PBXFileReference; includeInIndex = 1; lastKnownFileType = sourcecode.c.objc; name = "UINavigationBar+Night.m"; path = "Classes/UIKit/UINavigationBar+Night.m"; sourceTree = "<group>"; };
		BD2C82E74EC85855717D205A /* UINavigationBar+Night.h */ = {isa = PBXFileReference; includeInIndex = 1; lastKnownFileType = sourcecode.c.h; name = "UINavigationBar+Night.h"; path = "Classes/UIKit/UINavigationBar+Night.h"; sourceTree = "<group>"; };
		C707B0315EFE538FBA15A7D1 /* UIToolbar+Night.h */ = {isa = PBXFileReference; includeInIndex = 1; lastKnownFileType = sourcecode.c.h; name = "UIToolbar+Night.h"; path = "Classes/UIKit/UIToolbar+Night.h"; sourceTree = "<group>"; };
		D15A6BC8048228CFBFFE4466 /* UITextField+Night.m */ = {isa = PBXFileReference; includeInIndex = 1; lastKnownFileType = sourcecode.c.objc; name = "UITextField+Night.m"; path = "Classes/UIKit/UITextField+Night.m"; sourceTree = "<group>"; };
		D4EA2DED8EB47D416E30222A /* UIView+Night.h */ = {isa = PBXFileReference; includeInIndex = 1; lastKnownFileType = sourcecode.c.h; name = "UIView+Night.h"; path = "Classes/UIKit/UIView+Night.h"; sourceTree = "<group>"; };
		DB8FA5D5B36B4233C20A8ED2 /* UIProgressView+Night.m */ = {isa = PBXFileReference; includeInIndex = 1; lastKnownFileType = sourcecode.c.objc; name = "UIProgressView+Night.m"; path = "Classes/UIKit/UIProgressView+Night.m"; sourceTree = "<group>"; };
		DD42A248410DAF3B39FD4EFF /* UIPageControl+Night.m */ = {isa = PBXFileReference; includeInIndex = 1; lastKnownFileType = sourcecode.c.objc; name = "UIPageControl+Night.m"; path = "Classes/UIKit/UIPageControl+Night.m"; sourceTree = "<group>"; };
		DFAFE74F6B722CE4EF3F4CAC /* UIControl+Night.h */ = {isa = PBXFileReference; includeInIndex = 1; lastKnownFileType = sourcecode.c.h; name = "UIControl+Night.h"; path = "Classes/UIKit/UIControl+Night.h"; sourceTree = "<group>"; };
/* End PBXFileReference section */

/* Begin PBXFrameworksBuildPhase section */
		189854B31ADD5B550050568B /* Frameworks */ = {
			isa = PBXFrameworksBuildPhase;
			buildActionMask = 2147483647;
			files = (
			);
			runOnlyForDeploymentPostprocessing = 0;
		};
		189854C61ADD5B560050568B /* Frameworks */ = {
			isa = PBXFrameworksBuildPhase;
			buildActionMask = 2147483647;
			files = (
			);
			runOnlyForDeploymentPostprocessing = 0;
		};
/* End PBXFrameworksBuildPhase section */

/* Begin PBXGroup section */
		18063F361AF9C0C500A06A04 /* Pod */ = {
			isa = PBXGroup;
			children = (
				18A41E211AE019F000042CF4 /* Classes */,
			);
			name = Pod;
			sourceTree = "<group>";
		};
		180CDCA91AECC17F00164D1F /* Demo */ = {
			isa = PBXGroup;
			children = (
				18D228921AF8BB6200872BF1 /* AppDelegate.h */,
				18D228931AF8BB6200872BF1 /* AppDelegate.m */,
				18D228951AF8BB6800872BF1 /* RootViewController.h */,
				18D228961AF8BB6800872BF1 /* RootViewController.m */,
				18D228971AF8BB6800872BF1 /* SuccViewController.h */,
				18D228981AF8BB6800872BF1 /* SuccViewController.m */,
				18D228991AF8BB6800872BF1 /* TableViewCell.h */,
				18D2289A1AF8BB6800872BF1 /* TableViewCell.m */,
				182BCC231AFF199A0095BF9C /* PresentingViewController.h */,
				182BCC241AFF199A0095BF9C /* PresentingViewController.m */,
			);
			name = Demo;
			sourceTree = "<group>";
		};
		1816313C1AFE549000A20423 /* MetaData */ = {
			isa = PBXGroup;
			children = (
				1816313D1AFE549A00A20423 /* property.json */,
				72EAC66F1C1AE2490063012B /* Rakefile */,
				72EAC6701C1AE2490063012B /* README.md */,
				72EAC6731C1AE2530063012B /* DKNightVersion.podspec */,
				72EAC6741C1AE2530063012B /* Gemfile */,
				72EAC6771C1AE25F0063012B /* LICENSE */,
			);
			name = MetaData;
			path = ../Pod/Classes;
			sourceTree = "<group>";
		};
		189854AD1ADD5B550050568B = {
			isa = PBXGroup;
			children = (
				189854B81ADD5B550050568B /* DKNightVersion */,
				189854CC1ADD5B560050568B /* DKNightVersionTests */,
				189854B71ADD5B550050568B /* Products */,
			);
			sourceTree = "<group>";
		};
		189854B71ADD5B550050568B /* Products */ = {
			isa = PBXGroup;
			children = (
				189854B61ADD5B550050568B /* DKNightVersion.app */,
				189854C91ADD5B560050568B /* DKNightVersionTests.xctest */,
			);
			name = Products;
			sourceTree = "<group>";
		};
		189854B81ADD5B550050568B /* DKNightVersion */ = {
			isa = PBXGroup;
			children = (
				1816313C1AFE549000A20423 /* MetaData */,
				72BBA68F1C181B9600262693 /* generator */,
				180CDCA91AECC17F00164D1F /* Demo */,
				18063F361AF9C0C500A06A04 /* Pod */,
				18D228A51AF8BB8D00872BF1 /* Images.xcassets */,
				18D228A21AF8BB8500872BF1 /* LaunchScreen.xib */,
				189854B91ADD5B550050568B /* Supporting Files */,
			);
			path = DKNightVersion;
			sourceTree = "<group>";
		};
		189854B91ADD5B550050568B /* Supporting Files */ = {
			isa = PBXGroup;
			children = (
				18D2289E1AF8BB7800872BF1 /* Info.plist */,
				18D2289F1AF8BB7800872BF1 /* main.m */,
			);
			name = "Supporting Files";
			sourceTree = "<group>";
		};
		189854CC1ADD5B560050568B /* DKNightVersionTests */ = {
			isa = PBXGroup;
			children = (
				186AC5211AF855410095ED95 /* DKNightVersionManagerTest.m */,
				189854CD1ADD5B560050568B /* Supporting Files */,
			);
			path = DKNightVersionTests;
			sourceTree = "<group>";
		};
		189854CD1ADD5B560050568B /* Supporting Files */ = {
			isa = PBXGroup;
			children = (
				189854CE1ADD5B560050568B /* Info.plist */,
			);
			name = "Supporting Files";
			sourceTree = "<group>";
		};
		18A41E211AE019F000042CF4 /* Classes */ = {
			isa = PBXGroup;
			children = (
				18D2288E1AF8BA7100872BF1 /* DKNightVersion.h */,
				18A41E221AE019F000042CF4 /* Core */,
				72B53CD11C1840630059F6A1 /* Manual */,
				D4ABEB8B26FEC56F04DE66B9 /* UIKit */,
				729976511C5B2028000B87C1 /* CoreAnimation */,
			);
			name = Classes;
			path = ../Pod/Classes;
			sourceTree = "<group>";
		};
		18A41E221AE019F000042CF4 /* Core */ = {
			isa = PBXGroup;
			children = (
				18D2288F1AF8BA8700872BF1 /* DKNightVersionManager.h */,
				18D228901AF8BA8700872BF1 /* DKNightVersionManager.m */,
				729CAAC11BEE3E2300E279D6 /* NSObject+Night.h */,
				729CAAC21BEE3E2300E279D6 /* NSObject+Night.m */,
				72EAC6831C1AE9F70063012B /* DKColorTable.h */,
				72EAC6841C1AE9F70063012B /* DKColorTable.m */,
				72BBA6B91C182E1000262693 /* DKColor.h */,
				72BBA6BA1C182E1000262693 /* DKColor.m */,
				72EAC67F1C1AE7F00063012B /* DKImage.h */,
				72EAC6801C1AE7F00063012B /* DKImage.m */,
			);
			path = Core;
			sourceTree = "<group>";
		};
		729976511C5B2028000B87C1 /* CoreAnimation */ = {
			isa = PBXGroup;
			children = (
				729976CE1C5B28EB000B87C1 /* CALayer+Night.h */,
				729976CF1C5B28EB000B87C1 /* CALayer+Night.m */,
			);
			name = CoreAnimation;
			sourceTree = "<group>";
		};
		72B53CD11C1840630059F6A1 /* Manual */ = {
			isa = PBXGroup;
			children = (
				72B53CD21C1840AD0059F6A1 /* UINavigationBar+Animation.h */,
				72B53CD31C1840AD0059F6A1 /* UINavigationBar+Animation.m */,
				72B53CDA1C18459F0059F6A1 /* UIButton+Night.h */,
				72B53CDB1C18459F0059F6A1 /* UIButton+Night.m */,
				72B53CEE1C191CE00059F6A1 /* UIImageView+Night.h */,
				72B53CEF1C191CE00059F6A1 /* UIImageView+Night.m */,
				420BED1F1C7582A100FB9796 /* UIColor+Night.h */,
				420BED201C7582A100FB9796 /* UIColor+Night.m */,
			);
			name = Manual;
			path = ../../DKNightVersion;
			sourceTree = "<group>";
		};
		72BBA68F1C181B9600262693 /* generator */ = {
			isa = PBXGroup;
			children = (
				72BBA6901C181B9600262693 /* lib */,
			);
			path = generator;
			sourceTree = SOURCE_ROOT;
		};
		72BBA6901C181B9600262693 /* lib */ = {
			isa = PBXGroup;
			children = (
				72BBA6911C181B9600262693 /* generator */,
				72BBA6A21C181B9600262693 /* generator.rb */,
			);
			path = lib;
			sourceTree = "<group>";
		};
		72BBA6911C181B9600262693 /* generator */ = {
			isa = PBXGroup;
			children = (
				72BBA6921C181B9600262693 /* json */,
				72BBA6961C181B9600262693 /* model */,
				72BBA6991C181B9600262693 /* parser.rb */,
				72BBA69A1C181B9600262693 /* project.rb */,
				72BBA69B1C181B9600262693 /* render.rb */,
				72BBA69C1C181B9600262693 /* template */,
				72BBA6A11C181B9600262693 /* xcodeproj.rb */,
			);
			path = generator;
			sourceTree = "<group>";
		};
		72BBA6921C181B9600262693 /* json */ = {
			isa = PBXGroup;
			children = (
				72BBA6931C181B9600262693 /* method.json */,
				72BBA6941C181B9600262693 /* project.json */,
				72BBA6951C181B9600262693 /* superklass.json */,
			);
			path = json;
			sourceTree = "<group>";
		};
		72BBA6961C181B9600262693 /* model */ = {
			isa = PBXGroup;
			children = (
				72BBA6971C181B9600262693 /* objc_class.rb */,
				72BBA6981C181B9600262693 /* objc_property.rb */,
			);
			path = model;
			sourceTree = "<group>";
		};
		72BBA69C1C181B9600262693 /* template */ = {
			isa = PBXGroup;
			children = (
				72BBA69D1C181B9600262693 /* color.h.erb */,
				72BBA69E1C181B9600262693 /* color.m.erb */,
			);
			path = template;
			sourceTree = "<group>";
		};
		D4ABEB8B26FEC56F04DE66B9 /* UIKit */ = {
			isa = PBXGroup;
			children = (
				D4EA2DED8EB47D416E30222A /* UIView+Night.h */,
				8F780F962B0ACC4C7B714C8C /* UIView+Night.m */,
				70E94B56C757033BC7CC392E /* UILabel+Night.h */,
				2B379F646B5766F33993C89E /* UILabel+Night.m */,
				BD2C82E74EC85855717D205A /* UINavigationBar+Night.h */,
				B85F9345C91E4950D644F74F /* UINavigationBar+Night.m */,
				4DD77A46FDAC98D6B26502AF /* UITabBar+Night.h */,
				89B5AECDE5CBEF503380319E /* UITabBar+Night.m */,
				2B0ED563C14503B47B2BD480 /* UIBarButtonItem+Night.h */,
				4C49E6D8339E89A46386F931 /* UIBarButtonItem+Night.m */,
				5A7BF630324FD2CF4C5C9207 /* UITableView+Night.h */,
				14F4E76575F5D4AA933F9374 /* UITableView+Night.m */,
				24CAC5D3ADA0594509E4F7BF /* UITextView+Night.h */,
				B12CD826BEE680B127198510 /* UITextView+Night.m */,
				04BEDF5ADF66C3E55BD7368B /* UITextField+Night.h */,
				D15A6BC8048228CFBFFE4466 /* UITextField+Night.m */,
				DFAFE74F6B722CE4EF3F4CAC /* UIControl+Night.h */,
				A1248884A367A85A085BEA42 /* UIControl+Night.m */,
				C707B0315EFE538FBA15A7D1 /* UIToolbar+Night.h */,
				6EEED442A31852107E7BD33E /* UIToolbar+Night.m */,
				367463AEE4EAA88EE33940B4 /* UISwitch+Night.h */,
				5CC5CEE33F80D7C314303DD4 /* UISwitch+Night.m */,
				81E7FFB80B96184BACE4D7E7 /* UISlider+Night.h */,
				808D41FBA4D82E360E0DD27B /* UISlider+Night.m */,
				680A2D596E61C49E1CA66638 /* UISearchBar+Night.h */,
				528218ADCA7EFA4F0100FF7C /* UISearchBar+Night.m */,
				14E1D9903F5FC5ABDF78165A /* UIProgressView+Night.h */,
				DB8FA5D5B36B4233C20A8ED2 /* UIProgressView+Night.m */,
				A679D237D202A7904508C8AB /* UIPageControl+Night.h */,
				DD42A248410DAF3B39FD4EFF /* UIPageControl+Night.m */,
			);
			name = UIKit;
			sourceTree = SOURCE_ROOT;
		};
/* End PBXGroup section */

/* Begin PBXHeadersBuildPhase section */
		0E36EA4FBDF394D5A59A278D /* Headers */ = {
			isa = PBXHeadersBuildPhase;
			buildActionMask = 2147483647;
			files = (
				72B53CE81C1854B20059F6A1 /* TableViewCell.h in Headers */,
				72B53CE61C1854B20059F6A1 /* SuccViewController.h in Headers */,
				72B53CEA1C1854B20059F6A1 /* PresentingViewController.h in Headers */,
				72EAC6851C1AE9F70063012B /* DKColorTable.h in Headers */,
				72BBA6BB1C182E1000262693 /* DKColor.h in Headers */,
				72B53CE41C1854B20059F6A1 /* RootViewController.h in Headers */,
				729CAAC31BEE3E2300E279D6 /* NSObject+Night.h in Headers */,
				72B53CE21C1854B20059F6A1 /* AppDelegate.h in Headers */,
				72EAC66D1C1ACD870063012B /* UIImageView+Night.h in Headers */,
				72EAC6811C1AE7F00063012B /* DKImage.h in Headers */,
				729976D01C5B28EB000B87C1 /* CALayer+Night.h in Headers */,
				AD3E53CD1A05A08DE9A6EC60 /* UIView+Night.h in Headers */,
				6B616D9BB09501C0C0557E9D /* UILabel+Night.h in Headers */,
				45CB1BC401D1F32ECE44BD74 /* UINavigationBar+Night.h in Headers */,
				468F5B54CB80D836FCA42084 /* UITabBar+Night.h in Headers */,
				99B0ADB1B166EA03D7BD65CD /* UIBarButtonItem+Night.h in Headers */,
				01D9F80DAA610078E8B6F3A9 /* UITableView+Night.h in Headers */,
				46377A5EE4BE95DB8F98E25D /* UITextView+Night.h in Headers */,
				13088A21B474E68F5B94384D /* UITextField+Night.h in Headers */,
				08FEA633523A3DA7D71198AD /* UIControl+Night.h in Headers */,
				E3595A486305A26BCE388250 /* UIToolbar+Night.h in Headers */,
				BB36EFF5624927D67983B04D /* UISwitch+Night.h in Headers */,
				B839C7C9B6A8D038CDCF04AA /* UISlider+Night.h in Headers */,
				20222CFA6C43CCE6B90FCC1F /* UISearchBar+Night.h in Headers */,
				BF5F2D57E43C586D773ACF0B /* UIProgressView+Night.h in Headers */,
				30EBA9212082EB1AD3811C94 /* UIPageControl+Night.h in Headers */,
			);
			runOnlyForDeploymentPostprocessing = 0;
		};
		2CBE0DCBEAB143C54F997B8E /* Headers */ = {
			isa = PBXHeadersBuildPhase;
			buildActionMask = 2147483647;
			files = (
				420BED221C7582A100FB9796 /* UIColor+Night.h in Headers */,
			);
			runOnlyForDeploymentPostprocessing = 0;
		};
/* End PBXHeadersBuildPhase section */

/* Begin PBXNativeTarget section */
		189854B51ADD5B550050568B /* DKNightVersion */ = {
			isa = PBXNativeTarget;
			buildConfigurationList = 189854D31ADD5B560050568B /* Build configuration list for PBXNativeTarget "DKNightVersion" */;
			buildPhases = (
				189854B21ADD5B550050568B /* Sources */,
				189854B31ADD5B550050568B /* Frameworks */,
				189854B41ADD5B550050568B /* Resources */,
				0E36EA4FBDF394D5A59A278D /* Headers */,
				1816313B1AFE52B500A20423 /* ShellScript */,
			);
			buildRules = (
			);
			dependencies = (
			);
			name = DKNightVersion;
			productName = DKNightVersion;
			productReference = 189854B61ADD5B550050568B /* DKNightVersion.app */;
			productType = "com.apple.product-type.application";
		};
		189854C81ADD5B560050568B /* DKNightVersionTests */ = {
			isa = PBXNativeTarget;
			buildConfigurationList = 189854D61ADD5B560050568B /* Build configuration list for PBXNativeTarget "DKNightVersionTests" */;
			buildPhases = (
				189854C51ADD5B560050568B /* Sources */,
				189854C61ADD5B560050568B /* Frameworks */,
				189854C71ADD5B560050568B /* Resources */,
				2CBE0DCBEAB143C54F997B8E /* Headers */,
			);
			buildRules = (
			);
			dependencies = (
				189854CB1ADD5B560050568B /* PBXTargetDependency */,
			);
			name = DKNightVersionTests;
			productName = DKNightVersionTests;
			productReference = 189854C91ADD5B560050568B /* DKNightVersionTests.xctest */;
			productType = "com.apple.product-type.bundle.unit-test";
		};
/* End PBXNativeTarget section */

/* Begin PBXProject section */
		189854AE1ADD5B550050568B /* Project object */ = {
			isa = PBXProject;
			attributes = {
				LastUpgradeCheck = 0700;
				ORGANIZATIONNAME = DeltaX;
				TargetAttributes = {
					189854B51ADD5B550050568B = {
						CreatedOnToolsVersion = 6.3;
					};
					189854C81ADD5B560050568B = {
						CreatedOnToolsVersion = 6.3;
						TestTargetID = 189854B51ADD5B550050568B;
					};
				};
			};
			buildConfigurationList = 189854B11ADD5B550050568B /* Build configuration list for PBXProject "DKNightVersion" */;
			compatibilityVersion = "Xcode 3.2";
			developmentRegion = English;
			hasScannedForEncodings = 0;
			knownRegions = (
				en,
				Base,
			);
			mainGroup = 189854AD1ADD5B550050568B;
			productRefGroup = 189854B71ADD5B550050568B /* Products */;
			projectDirPath = "";
			projectRoot = "";
			targets = (
				189854B51ADD5B550050568B /* DKNightVersion */,
				189854C81ADD5B560050568B /* DKNightVersionTests */,
			);
		};
/* End PBXProject section */

/* Begin PBXResourcesBuildPhase section */
		189854B41ADD5B550050568B /* Resources */ = {
			isa = PBXResourcesBuildPhase;
			buildActionMask = 2147483647;
			files = (
				72BBA6A31C181B9600262693 /* method.json in Resources */,
				72BBA6A61C181B9600262693 /* objc_class.rb in Resources */,
				18D228A71AF8BC1A00872BF1 /* LaunchScreen.xib in Resources */,
				72BBA6AB1C181B9600262693 /* color.h.erb in Resources */,
				72BBA6AA1C181B9600262693 /* render.rb in Resources */,
				72BBA6A51C181B9600262693 /* superklass.json in Resources */,
				72BBA6A71C181B9600262693 /* objc_property.rb in Resources */,
				72BBA6B01C181B9600262693 /* generator.rb in Resources */,
				72BBA6A81C181B9600262693 /* parser.rb in Resources */,
				72BBA6A41C181B9600262693 /* project.json in Resources */,
				72BBA6A91C181B9600262693 /* project.rb in Resources */,
				72BBA6AF1C181B9600262693 /* xcodeproj.rb in Resources */,
				18D228A61AF8BB8D00872BF1 /* Images.xcassets in Resources */,
				72BBA6AC1C181B9600262693 /* color.m.erb in Resources */,
			);
			runOnlyForDeploymentPostprocessing = 0;
		};
		189854C71ADD5B560050568B /* Resources */ = {
			isa = PBXResourcesBuildPhase;
			buildActionMask = 2147483647;
			files = (
			);
			runOnlyForDeploymentPostprocessing = 0;
		};
/* End PBXResourcesBuildPhase section */

/* Begin PBXShellScriptBuildPhase section */
		1816313B1AFE52B500A20423 /* ShellScript */ = {
			isa = PBXShellScriptBuildPhase;
			buildActionMask = 12;
			files = (
			);
			inputPaths = (
			);
			outputPaths = (
			);
			runOnlyForDeploymentPostprocessing = 0;
			shellPath = /bin/sh;
			shellScript = "
";
			showEnvVarsInLog = 0;
		};
/* End PBXShellScriptBuildPhase section */

/* Begin PBXSourcesBuildPhase section */
		189854B21ADD5B550050568B /* Sources */ = {
			isa = PBXSourcesBuildPhase;
			buildActionMask = 2147483647;
			files = (
				72B53CE71C1854B20059F6A1 /* SuccViewController.m in Sources */,
				72B53CE91C1854B20059F6A1 /* TableViewCell.m in Sources */,
				72B53CE51C1854B20059F6A1 /* RootViewController.m in Sources */,
				72EAC6821C1AE7F00063012B /* DKImage.m in Sources */,
				72BBA6BC1C182E1000262693 /* DKColor.m in Sources */,
				18D228911AF8BA8700872BF1 /* DKNightVersionManager.m in Sources */,
				18D228A11AF8BB7800872BF1 /* main.m in Sources */,
				72B53CEB1C1854B20059F6A1 /* PresentingViewController.m in Sources */,
				729CAAC41BEE3E2300E279D6 /* NSObject+Night.m in Sources */,
				72B53CE31C1854B20059F6A1 /* AppDelegate.m in Sources */,
				72B53CED1C1870580059F6A1 /* UIButton+Night.m in Sources */,
				729976D11C5B28EB000B87C1 /* CALayer+Night.m in Sources */,
				72EAC66E1C1ACD870063012B /* UIImageView+Night.m in Sources */,
				72EAC6861C1AE9F70063012B /* DKColorTable.m in Sources */,
				FBAABE00BE525F1F666BEBBF /* UIView+Night.m in Sources */,
				AE466507771CAE86551BF925 /* UILabel+Night.m in Sources */,
				4F5B68B735FD4C8203278044 /* UINavigationBar+Night.m in Sources */,
				BE1F1CB15B6E1288731F8757 /* UITabBar+Night.m in Sources */,
				336F7DFCACE2B62866C3CC46 /* UIBarButtonItem+Night.m in Sources */,
				C36ADCCAA9A0390E56660CB4 /* UITableView+Night.m in Sources */,
				0ECCB69D251D73615F252B0A /* UITextView+Night.m in Sources */,
				7F08BDC34F5CC649B65BD9E9 /* UITextField+Night.m in Sources */,
				7FBAB448420CB5DC614AEDE1 /* UIControl+Night.m in Sources */,
				1CF133614B3F2428406D0265 /* UIToolbar+Night.m in Sources */,
				326A4E35C3EB1BF0C064F96C /* UISwitch+Night.m in Sources */,
				376B0B09B077D1519D0B04E8 /* UISlider+Night.m in Sources */,
				86AC4F6188093FA8C09944F2 /* UISearchBar+Night.m in Sources */,
				865A00EAB85E502EED1F61D9 /* UIProgressView+Night.m in Sources */,
				5E59A2F546CF14122121D21D /* UIPageControl+Night.m in Sources */,
			);
			runOnlyForDeploymentPostprocessing = 0;
		};
		189854C51ADD5B560050568B /* Sources */ = {
			isa = PBXSourcesBuildPhase;
			buildActionMask = 2147483647;
			files = (
				420BED241C7582A100FB9796 /* UIColor+Night.m in Sources */,
				186AC5221AF855410095ED95 /* DKNightVersionManagerTest.m in Sources */,
			);
			runOnlyForDeploymentPostprocessing = 0;
		};
/* End PBXSourcesBuildPhase section */

/* Begin PBXTargetDependency section */
		189854CB1ADD5B560050568B /* PBXTargetDependency */ = {
			isa = PBXTargetDependency;
			target = 189854B51ADD5B550050568B /* DKNightVersion */;
			targetProxy = 189854CA1ADD5B560050568B /* PBXContainerItemProxy */;
		};
/* End PBXTargetDependency section */

/* Begin PBXVariantGroup section */
		18D228A21AF8BB8500872BF1 /* LaunchScreen.xib */ = {
			isa = PBXVariantGroup;
			children = (
				18D228A31AF8BB8500872BF1 /* Base */,
			);
			name = LaunchScreen.xib;
			sourceTree = "<group>";
		};
/* End PBXVariantGroup section */

/* Begin XCBuildConfiguration section */
		189854D11ADD5B560050568B /* Debug */ = {
			isa = XCBuildConfiguration;
			buildSettings = {
				ALWAYS_SEARCH_USER_PATHS = NO;
				CLANG_CXX_LANGUAGE_STANDARD = "gnu++0x";
				CLANG_CXX_LIBRARY = "libc++";
				CLANG_ENABLE_MODULES = YES;
				CLANG_ENABLE_OBJC_ARC = YES;
				CLANG_WARN_BOOL_CONVERSION = YES;
				CLANG_WARN_CONSTANT_CONVERSION = YES;
				CLANG_WARN_DIRECT_OBJC_ISA_USAGE = YES_ERROR;
				CLANG_WARN_EMPTY_BODY = YES;
				CLANG_WARN_ENUM_CONVERSION = YES;
				CLANG_WARN_INT_CONVERSION = YES;
				CLANG_WARN_OBJC_ROOT_CLASS = YES_ERROR;
				CLANG_WARN_UNREACHABLE_CODE = YES;
				CLANG_WARN__DUPLICATE_METHOD_MATCH = YES;
				"CODE_SIGN_IDENTITY[sdk=iphoneos*]" = "iPhone Developer";
				COPY_PHASE_STRIP = NO;
				DEBUG_INFORMATION_FORMAT = "dwarf-with-dsym";
				ENABLE_STRICT_OBJC_MSGSEND = YES;
				ENABLE_TESTABILITY = YES;
				GCC_C_LANGUAGE_STANDARD = gnu99;
				GCC_DYNAMIC_NO_PIC = NO;
				GCC_NO_COMMON_BLOCKS = YES;
				GCC_OPTIMIZATION_LEVEL = 0;
				GCC_PREPROCESSOR_DEFINITIONS = (
					"DEBUG=1",
					"$(inherited)",
				);
				GCC_SYMBOLS_PRIVATE_EXTERN = NO;
				GCC_WARN_64_TO_32_BIT_CONVERSION = YES;
				GCC_WARN_ABOUT_RETURN_TYPE = YES_ERROR;
				GCC_WARN_UNDECLARED_SELECTOR = YES;
				GCC_WARN_UNINITIALIZED_AUTOS = YES_AGGRESSIVE;
				GCC_WARN_UNUSED_FUNCTION = YES;
				GCC_WARN_UNUSED_VARIABLE = YES;
				IPHONEOS_DEPLOYMENT_TARGET = 8.3;
				MTL_ENABLE_DEBUG_INFO = YES;
				ONLY_ACTIVE_ARCH = YES;
				SDKROOT = iphoneos;
			};
			name = Debug;
		};
		189854D21ADD5B560050568B /* Release */ = {
			isa = XCBuildConfiguration;
			buildSettings = {
				ALWAYS_SEARCH_USER_PATHS = NO;
				CLANG_CXX_LANGUAGE_STANDARD = "gnu++0x";
				CLANG_CXX_LIBRARY = "libc++";
				CLANG_ENABLE_MODULES = YES;
				CLANG_ENABLE_OBJC_ARC = YES;
				CLANG_WARN_BOOL_CONVERSION = YES;
				CLANG_WARN_CONSTANT_CONVERSION = YES;
				CLANG_WARN_DIRECT_OBJC_ISA_USAGE = YES_ERROR;
				CLANG_WARN_EMPTY_BODY = YES;
				CLANG_WARN_ENUM_CONVERSION = YES;
				CLANG_WARN_INT_CONVERSION = YES;
				CLANG_WARN_OBJC_ROOT_CLASS = YES_ERROR;
				CLANG_WARN_UNREACHABLE_CODE = YES;
				CLANG_WARN__DUPLICATE_METHOD_MATCH = YES;
				"CODE_SIGN_IDENTITY[sdk=iphoneos*]" = "iPhone Developer";
				COPY_PHASE_STRIP = NO;
				DEBUG_INFORMATION_FORMAT = "dwarf-with-dsym";
				ENABLE_NS_ASSERTIONS = NO;
				ENABLE_STRICT_OBJC_MSGSEND = YES;
				GCC_C_LANGUAGE_STANDARD = gnu99;
				GCC_NO_COMMON_BLOCKS = YES;
				GCC_WARN_64_TO_32_BIT_CONVERSION = YES;
				GCC_WARN_ABOUT_RETURN_TYPE = YES_ERROR;
				GCC_WARN_UNDECLARED_SELECTOR = YES;
				GCC_WARN_UNINITIALIZED_AUTOS = YES_AGGRESSIVE;
				GCC_WARN_UNUSED_FUNCTION = YES;
				GCC_WARN_UNUSED_VARIABLE = YES;
				IPHONEOS_DEPLOYMENT_TARGET = 8.3;
				MTL_ENABLE_DEBUG_INFO = NO;
				ONLY_ACTIVE_ARCH = YES;
				SDKROOT = iphoneos;
				VALIDATE_PRODUCT = YES;
			};
			name = Release;
		};
		189854D41ADD5B560050568B /* Debug */ = {
			isa = XCBuildConfiguration;
			buildSettings = {
				ALWAYS_SEARCH_USER_PATHS = NO;
				ASSETCATALOG_COMPILER_APPICON_NAME = AppIcon;
				INFOPLIST_FILE = Demo/Info.plist;
				IPHONEOS_DEPLOYMENT_TARGET = 8.0;
				LD_RUNPATH_SEARCH_PATHS = "$(inherited) @executable_path/Frameworks";
				ONLY_ACTIVE_ARCH = YES;
				PRODUCT_BUNDLE_IDENTIFIER = "com.draven.$(PRODUCT_NAME:rfc1034identifier)";
				PRODUCT_NAME = "$(TARGET_NAME)";
				USER_HEADER_SEARCH_PATHS = "";
			};
			name = Debug;
		};
		189854D51ADD5B560050568B /* Release */ = {
			isa = XCBuildConfiguration;
			buildSettings = {
				ALWAYS_SEARCH_USER_PATHS = NO;
				ASSETCATALOG_COMPILER_APPICON_NAME = AppIcon;
				INFOPLIST_FILE = Demo/Info.plist;
				IPHONEOS_DEPLOYMENT_TARGET = 8.0;
				LD_RUNPATH_SEARCH_PATHS = "$(inherited) @executable_path/Frameworks";
				ONLY_ACTIVE_ARCH = YES;
				PRODUCT_BUNDLE_IDENTIFIER = "com.draven.$(PRODUCT_NAME:rfc1034identifier)";
				PRODUCT_NAME = "$(TARGET_NAME)";
				USER_HEADER_SEARCH_PATHS = "";
			};
			name = Release;
		};
		189854D71ADD5B560050568B /* Debug */ = {
			isa = XCBuildConfiguration;
			buildSettings = {
				BUNDLE_LOADER = "$(BUILT_PRODUCTS_DIR)/DKNightVersion.app/DKNightVersion";
				FRAMEWORK_SEARCH_PATHS = (
					"$(SDKROOT)/Developer/Library/Frameworks",
					"$(inherited)",
				);
				GCC_PREPROCESSOR_DEFINITIONS = (
					"DEBUG=1",
					"$(inherited)",
				);
				INFOPLIST_FILE = DKNightVersionTests/Info.plist;
				LD_RUNPATH_SEARCH_PATHS = "$(inherited) @executable_path/Frameworks @loader_path/Frameworks";
				PRODUCT_BUNDLE_IDENTIFIER = "com.draven.$(PRODUCT_NAME:rfc1034identifier)";
				PRODUCT_NAME = "$(TARGET_NAME)";
				TEST_HOST = "$(BUNDLE_LOADER)";
			};
			name = Debug;
		};
		189854D81ADD5B560050568B /* Release */ = {
			isa = XCBuildConfiguration;
			buildSettings = {
				BUNDLE_LOADER = "$(BUILT_PRODUCTS_DIR)/DKNightVersion.app/DKNightVersion";
				FRAMEWORK_SEARCH_PATHS = (
					"$(SDKROOT)/Developer/Library/Frameworks",
					"$(inherited)",
				);
				INFOPLIST_FILE = DKNightVersionTests/Info.plist;
				LD_RUNPATH_SEARCH_PATHS = "$(inherited) @executable_path/Frameworks @loader_path/Frameworks";
				PRODUCT_BUNDLE_IDENTIFIER = "com.draven.$(PRODUCT_NAME:rfc1034identifier)";
				PRODUCT_NAME = "$(TARGET_NAME)";
				TEST_HOST = "$(BUNDLE_LOADER)";
			};
			name = Release;
		};
/* End XCBuildConfiguration section */

/* Begin XCConfigurationList section */
		189854B11ADD5B550050568B /* Build configuration list for PBXProject "DKNightVersion" */ = {
			isa = XCConfigurationList;
			buildConfigurations = (
				189854D11ADD5B560050568B /* Debug */,
				189854D21ADD5B560050568B /* Release */,
			);
			defaultConfigurationIsVisible = 0;
			defaultConfigurationName = Release;
		};
		189854D31ADD5B560050568B /* Build configuration list for PBXNativeTarget "DKNightVersion" */ = {
			isa = XCConfigurationList;
			buildConfigurations = (
				189854D41ADD5B560050568B /* Debug */,
				189854D51ADD5B560050568B /* Release */,
			);
			defaultConfigurationIsVisible = 0;
			defaultConfigurationName = Release;
		};
		189854D61ADD5B560050568B /* Build configuration list for PBXNativeTarget "DKNightVersionTests" */ = {
			isa = XCConfigurationList;
			buildConfigurations = (
				189854D71ADD5B560050568B /* Debug */,
				189854D81ADD5B560050568B /* Release */,
			);
			defaultConfigurationIsVisible = 0;
			defaultConfigurationName = Release;
		};
/* End XCConfigurationList section */
	};
	rootObject = 189854AE1ADD5B550050568B /* Project object */;
}
